{
  "name": "ampersanda-lessfiles",
  "version": "1.0.5",
  "lockfileVersion": 1,
  "requires": true,
  "dependencies": {
    "ampersanda-buttons": {
      "version": "1.0.0",
      "resolved": "https://registry.npmjs.org/ampersanda-buttons/-/ampersanda-buttons-1.0.0.tgz",
      "integrity": "sha512-MTWhW3pw6ZlrZu9ryBavQI/femcMqhpMkXYP3zltIEmRW5l+V+mHlzoI+whCyL5dWPQWkGBIVX7WDw3hRtBAyg==",
      "requires": {
        "ampersanda-lessfiles": "^1.0.4"
      }
    },
    "ampersanda-lessfiles": {
      "version": "1.0.4",
      "resolved": "https://registry.npmjs.org/ampersanda-lessfiles/-/ampersanda-lessfiles-1.0.4.tgz",
      "integrity": "sha512-etQGOEs8tWAaldABs3UbJwdqmclk83yxa1YdUt87TGkvse0y78tUjVAA5vxvLStlMpm0Lqhq3lvfHpkfsLJGBQ==",
      "requires": {
        "modern-normalize": "^0.5.0"
      }
    },
    "modern-normalize": {
      "version": "0.5.0",
      "resolved": "https://registry.npmjs.org/modern-normalize/-/modern-normalize-0.5.0.tgz",
      "integrity": "sha512-U1geaHG9Grp3a60djDV2JvSVKiDFhuZrhUHoQHusfjtGqbgGunI3HHw7hHtQ2ls2y0et3+Lpcf2hOSS1W8JUdg=="
    }
  }
}
